
Microsoft Visual Studio Solution File, Format Version 12.00
# Visual Studio Version 16
VisualStudioVersion = 16.0.30804.86
MinimumVisualStudioVersion = 10.0.40219.1
Project("{FAE04EC0-301F-11D3-BF4B-00C04F79EFBC}") = "Klassediagram", "Klassediagram\Klassediagram.csproj", "{06C0D843-4508-47D4-ABA8-A9EF961B3898}"
EndProject
Global
	GlobalSection(SolutionConfigurationPlatforms) = preSolution
		Debug|Any CPU = Debug|Any CPU
		Release|Any CPU = Release|Any CPU
	EndGlobalSection
	GlobalSection(ProjectConfigurationPlatforms) = postSolution
		{06C0D843-4508-47D4-ABA8-A9EF961B3898}.Debug|Any CPU.ActiveCfg = Debug|Any CPU
		{06C0D843-4508-47D4-ABA8-A9EF961B3898}.Debug|Any CPU.Build.0 = Debug|Any CPU
		{06C0D843-4508-47D4-ABA8-A9EF961B3898}.Release|Any CPU.ActiveCfg = Release|Any CPU
		{06C0D843-4508-47D4-ABA8-A9EF961B3898}.Release|Any CPU.Build.0 = Release|Any CPU
	EndGlobalSection
	GlobalSection(SolutionProperties) = preSolution
		HideSolutionNode = FALSE
	EndGlobalSection
	GlobalSection(ExtensibilityGlobals) = postSolution
		SolutionGuid = {2FDB8DF1-7AAC-4286-96BD-40BBB8B08B21}
	EndGlobalSection
EndGlobal
